
Microsoft Visual Studio Solution File, Format Version 12.00
# Visual Studio Version 16
VisualStudioVersion = 16.0.29728.190
MinimumVisualStudioVersion = 10.0.40219.1
Project("{FAE04EC0-301F-11D3-BF4B-00C04F79EFBC}") = "BPDTS.Tests", "BPDTS.Tests\BPDTS.Tests.csproj", "{AB107879-285B-4606-9FCC-24FA071C7DAA}"
EndProject
Global
	GlobalSection(SolutionConfigurationPlatforms) = preSolution
		Debug|Any CPU = Debug|Any CPU
		Release|Any CPU = Release|Any CPU
	EndGlobalSection
	GlobalSection(ProjectConfigurationPlatforms) = postSolution
		{AB107879-285B-4606-9FCC-24FA071C7DAA}.Debug|Any CPU.ActiveCfg = Debug|Any CPU
		{AB107879-285B-4606-9FCC-24FA071C7DAA}.Debug|Any CPU.Build.0 = Debug|Any CPU
		{AB107879-285B-4606-9FCC-24FA071C7DAA}.Release|Any CPU.ActiveCfg = Release|Any CPU
		{AB107879-285B-4606-9FCC-24FA071C7DAA}.Release|Any CPU.Build.0 = Release|Any CPU
	EndGlobalSection
	GlobalSection(SolutionProperties) = preSolution
		HideSolutionNode = FALSE
	EndGlobalSection
	GlobalSection(ExtensibilityGlobals) = postSolution
		SolutionGuid = {024792FF-70DF-44EB-BB38-6294457DCD2E}
	EndGlobalSection
EndGlobal
